lockfileVersion: '9.0'

settings:
  autoInstallPeers: true
  excludeLinksFromLockfile: false

importers:

  .:
    devDependencies:
      '@typescript/native-preview':
        specifier: 7.0.0-dev.20260523.1
        version: 7.0.0-dev.20260523.1

  packages/core: {}

  packages/playground: {}

  packages/pruve: {}

  packages/reactivity:
    dependencies:
      '@vue/reactivity':
        specifier: ^3.5.34
        version: 3.5.34

packages:

  '@typescript/native-preview-darwin-arm64@7.0.0-dev.20260523.1':
    resolution: {integrity: sha512-4WHj9v41per176h00j3moITcHpR+8SNoAFdbDuJwUDCJiQkbrCjwulK8UwALxLPEGqyBdNARWcM6GXVTexBg1w==}
    engines: {node: '>=16.20.0'}
    cpu: [arm64]
    os: [darwin]

  '@typescript/native-preview-darwin-x64@7.0.0-dev.20260523.1':
    resolution: {integrity: sha512-WeVqasFLVwbnwmjLhBTwfNminhaTfCo+ptOW2JT+IgY2WYBGIKXQmhaPPU5bdsHCur7O2RmY5tUAmvqv7V+kog==}
    engines: {node: '>=16.20.0'}
    cpu: [x64]
    os: [darwin]

  '@typescript/native-preview-linux-arm64@7.0.0-dev.20260523.1':
    resolution: {integrity: sha512-2Jd0iJOd77LLwsEDFc9O5nfPxvs75d1FafG7BhGGlfD8RtxL4+BzAy8KYI0++TTmHL6aL7+VIr3+TQ58S68Sfw==}
    engines: {node: '>=16.20.0'}
    cpu: [arm64]
    os: [linux]

  '@typescript/native-preview-linux-arm@7.0.0-dev.20260523.1':
    resolution: {integrity: sha512-C+fOL4DO/JTLkKT22Bw34FGiUpS4scqC+5AaaCVBCiHWXn1NknSrbvcMWEmg8HzCWPmiUwSQUryNZIFDqi8tUw==}
    engines: {node: '>=16.20.0'}
    cpu: [arm]
    os: [linux]

  '@typescript/native-preview-linux-x64@7.0.0-dev.20260523.1':
    resolution: {integrity: sha512-DiJLdnzh/TolhvDuGxqD1sxlQNnCFLsLLnGPVN6i+/DUPC/cWy0c+5RHruow9lQbtPkZ3aapztkYP2wEP1Ll6Q==}
    engines: {node: '>=16.20.0'}
    cpu: [x64]
    os: [linux]

  '@typescript/native-preview-win32-arm64@7.0.0-dev.20260523.1':
    resolution: {integrity: sha512-axyNrdvX4D6T5ZuZHhufFbPRiKzJyqxusLl5nI3wJqmGN3G5JYCJY9k39LjRYI6oB3ingyKng+3QJ2q7b3IHQA==}
    engines: {node: '>=16.20.0'}
    cpu: [arm64]
    os: [win32]

  '@typescript/native-preview-win32-x64@7.0.0-dev.20260523.1':
    resolution: {integrity: sha512-NRBlDy12DLqCC7smCWlEgsiwCxUUl0TAVLUikm+c+WvFhnsY909jk1X8FNUHhNZmR3APHS57AMOq2rreQwHdiQ==}
    engines: {node: '>=16.20.0'}
    cpu: [x64]
    os: [win32]

  '@typescript/native-preview@7.0.0-dev.20260523.1':
    resolution: {integrity: sha512-+pkICUeoIbnecsvkEQFmkBC7qQqR5ltQQl+bXuGpKBOURVu2/zDA4i09Ef4KWWD6Kmx7i/EMO2fMZ3IsZEdzPw==}
    engines: {node: '>=16.20.0'}
    hasBin: true

  '@vue/reactivity@3.5.34':
    resolution: {integrity: sha512-y9XDjCEuBp+98k+UL5dbYkh57AHU4o6cxZedOPXw3bmrZZYLQsVHguGurq7hVrPCSrQtrnz1f9dssyFr+dMXfQ==}

  '@vue/shared@3.5.34':
    resolution: {integrity: sha512-24uqU4OIiX29ryC3MeWid/Xf2fa2EFRUVLb77nRhk+UrTVrh/XiGtFAFmJBAtBRbjwNdsPRP+jj/OL27Eg1NDA==}

snapshots:

  '@typescript/native-preview-darwin-arm64@7.0.0-dev.20260523.1':
    optional: true

  '@typescript/native-preview-darwin-x64@7.0.0-dev.20260523.1':
    optional: true

  '@typescript/native-preview-linux-arm64@7.0.0-dev.20260523.1':
    optional: true

  '@typescript/native-preview-linux-arm@7.0.0-dev.20260523.1':
    optional: true

  '@typescript/native-preview-linux-x64@7.0.0-dev.20260523.1':
    optional: true

  '@typescript/native-preview-win32-arm64@7.0.0-dev.20260523.1':
    optional: true

  '@typescript/native-preview-win32-x64@7.0.0-dev.20260523.1':
    optional: true

  '@typescript/native-preview@7.0.0-dev.20260523.1':
    optionalDependencies:
      '@typescript/native-preview-darwin-arm64': 7.0.0-dev.20260523.1
      '@typescript/native-preview-darwin-x64': 7.0.0-dev.20260523.1
      '@typescript/native-preview-linux-arm': 7.0.0-dev.20260523.1
      '@typescript/native-preview-linux-arm64': 7.0.0-dev.20260523.1
      '@typescript/native-preview-linux-x64': 7.0.0-dev.20260523.1
      '@typescript/native-preview-win32-arm64': 7.0.0-dev.20260523.1
      '@typescript/native-preview-win32-x64': 7.0.0-dev.20260523.1

  '@vue/reactivity@3.5.34':
    dependencies:
      '@vue/shared': 3.5.34

  '@vue/shared@3.5.34': {}
